{
  "name": "incident_map",
  "version": "0.1.0",
  "lockfileVersion": 2,
  "requires": true,
  "packages": {
    "": {
      "name": "incident_map",
      "version": "0.1.0",
      "license": "ISC",
      "dependencies": {
        "@ansur/leaflet-pulse-icon": "^0.1.1",
        "leaflet": "^1.7.1",
        "leaflet.locatecontrol": "^0.76.0"
      }
    },
    "node_modules/@ansur/leaflet-pulse-icon": {
      "version": "0.1.1",
      "resolved": "https://registry.npmjs.org/@ansur/leaflet-pulse-icon/-/leaflet-pulse-icon-0.1.1.tgz",
      "integrity": "sha512-2vymis4WMiacers0JJ43Ku0TjdKypnh0atMdFC2VdTGd5G/NGsmW5eYnTZr1YHNOts3CXRbnwlkEMKB7OPsfIg==",
      "dependencies": {
        "leaflet": ">=0.7.3"
      }
    },
    "node_modules/leaflet": {
      "version": "1.7.1",
      "resolved": "https://registry.npmjs.org/leaflet/-/leaflet-1.7.1.tgz",
      "integrity": "sha512-/xwPEBidtg69Q3HlqPdU3DnrXQOvQU/CCHA1tcDQVzOwm91YMYaILjNp7L4Eaw5Z4sOYdbBz6koWyibppd8Zqw=="
    },
    "node_modules/leaflet.locatecontrol": {
      "version": "0.76.0",
      "resolved": "https://registry.npmjs.org/leaflet.locatecontrol/-/leaflet.locatecontrol-0.76.0.tgz",
      "integrity": "sha512-Mx8uiihBi8KrrW3LgblsNL/pS8HR0gj60m8VFDFrnhSvDuitChazc095XcMSscf/XqZW+TSqQMCTe+AUy/4/eA=="
    }
  },
  "dependencies": {
    "@ansur/leaflet-pulse-icon": {
      "version": "0.1.1",
      "resolved": "https://registry.npmjs.org/@ansur/leaflet-pulse-icon/-/leaflet-pulse-icon-0.1.1.tgz",
      "integrity": "sha512-2vymis4WMiacers0JJ43Ku0TjdKypnh0atMdFC2VdTGd5G/NGsmW5eYnTZr1YHNOts3CXRbnwlkEMKB7OPsfIg==",
      "requires": {
        "leaflet": ">=0.7.3"
      }
    },
    "leaflet": {
      "version": "1.7.1",
      "resolved": "https://registry.npmjs.org/leaflet/-/leaflet-1.7.1.tgz",
      "integrity": "sha512-/xwPEBidtg69Q3HlqPdU3DnrXQOvQU/CCHA1tcDQVzOwm91YMYaILjNp7L4Eaw5Z4sOYdbBz6koWyibppd8Zqw=="
    },
    "leaflet.locatecontrol": {
      "version": "0.76.0",
      "resolved": "https://registry.npmjs.org/leaflet.locatecontrol/-/leaflet.locatecontrol-0.76.0.tgz",
      "integrity": "sha512-Mx8uiihBi8KrrW3LgblsNL/pS8HR0gj60m8VFDFrnhSvDuitChazc095XcMSscf/XqZW+TSqQMCTe+AUy/4/eA=="
    }
  }
}
